#MicroXplorer Configuration settings - do not modify
Mcu.Family=STM32F1
PA6.GPIOParameters=GPIO_Label
ProjectManager.MainLocation=Core/Src
RCC.MCOFreq_Value=20000000
PA6.Mode=Full_Duplex_Master
ProjectManager.ProjectFileName=greenhouse_module.ioc
FREERTOS.Tasks01=debugConsole,-2,512,debug_console_task,Default,NULL,Static,debugConsoleBuffer,debugConsoleControlBlock;sensorMonitor,-2,128,sensor_monitor_task,Default,NULL,Static,sensorMonitorTaBuffer,sensorMonitorTaControlBlock;heartBeat,-3,128,heart_beat_task,Default,NULL,Static,HearBeatTaskBuffer,HearBeatTaskControlBlock
PA7.Mode=Full_Duplex_Master
ProjectManager.KeepUserCode=true
PA10.Mode=Asynchronous
Mcu.UserName=STM32F103C8Tx
Mcu.PinsNb=13
SPI1.VirtualType=VM_MASTER
ProjectManager.NoMain=false
SPI1.IPParameters=VirtualType,Mode,Direction,CalculateBaudRate
NVIC.SavedSvcallIrqHandlerGenerated=true
RCC.PLLCLKFreq_Value=20000000
PC13-TAMPER-RTC.GPIOParameters=GPIO_Label
ProjectManager.functionlistsort=1-MX_GPIO_Init-GPIO-false-HAL-true,2-SystemClock_Config-RCC-false-HAL-false,3-MX_SPI1_Init-SPI1-false-HAL-true,4-MX_USART1_UART_Init-USART1-false-HAL-true
PC13-TAMPER-RTC.Signal=GPIO_Output
RCC.ADCFreqValue=10000000
ProjectManager.DefaultFWLocation=true
PA6.GPIO_Label=SPI_MISO
PB0.GPIO_Label=BOSCH_BM_0_CS
NVIC.TIM1_UP_IRQn=true\:0\:0\:false\:false\:true\:false\:false\:true
ProjectManager.DeletePrevious=true
USART1.IPParameters=VirtualMode
RCC.APB1CLKDivider=RCC_HCLK_DIV2
PB10.Locked=true
PinOutPanel.RotationAngle=0
RCC.FamilyName=M
RCC.SYSCLKSource=RCC_SYSCLKSOURCE_PLLCLK
ProjectManager.StackSize=0x400
PA13.Signal=SYS_JTMS-SWDIO
Mcu.IP4=SYS
RCC.FCLKCortexFreq_Value=20000000
Mcu.IP5=USART1
VP_FREERTOS_VS_CMSIS_V1.Signal=FREERTOS_VS_CMSIS_V1
NVIC.SVCall_IRQn=true\:0\:0\:false\:false\:false\:false\:false\:false
Mcu.IP2=RCC
Mcu.IP3=SPI1
Mcu.IP0=FREERTOS
Mcu.IP1=NVIC
PA9.Mode=Asynchronous
Mcu.UserConstants=
ProjectManager.TargetToolchain=Makefile
PB10.GPIO_Label=BOSCH_BM_2_CS
Mcu.ThirdPartyNb=0
SPI1.Direction=SPI_DIRECTION_2LINES
RCC.HCLKFreq_Value=20000000
Mcu.IPNb=6
ProjectManager.PreviousToolchain=
RCC.APB2TimFreq_Value=20000000
PA9.Signal=USART1_TX
SPI1.CalculateBaudRate=10.0 MBits/s
Mcu.Pin6=PB10
Mcu.Pin7=PA9
ProjectManager.RegisterCallBack=
Mcu.Pin8=PA10
PC13-TAMPER-RTC.Locked=true
RCC.USBFreq_Value=20000000
Mcu.Pin9=PA13
FREERTOS.IPParameters=Tasks01,FootprintOK
RCC.AHBFreq_Value=20000000
Mcu.Pin0=PC13-TAMPER-RTC
PB1.Locked=true
Mcu.Pin1=PA5
GPIO.groupedBy=
Mcu.Pin2=PA6
PB10.Signal=GPIO_Output
Mcu.Pin3=PA7
Mcu.Pin4=PB0
Mcu.Pin5=PB1
PA5.Signal=SPI1_SCK
ProjectManager.ProjectBuild=false
NVIC.UsageFault_IRQn=true\:0\:0\:false\:false\:true\:false\:false\:false
NVIC.DebugMonitor_IRQn=true\:0\:0\:false\:false\:true\:false\:false\:false
board=custom
NVIC.SysTick_IRQn=true\:0\:0\:false\:false\:false\:false\:false\:false
ProjectManager.LastFirmware=true
PC13-TAMPER-RTC.GPIO_Label=HEART_BEAT_LED
RCC.PLLMUL=RCC_PLL_MUL5
ProjectManager.FirmwarePackage=STM32Cube FW_F1 V1.8.3
MxDb.Version=DB.6.0.0
PB0.GPIOParameters=GPIO_Label
NVIC.SavedSystickIrqHandlerGenerated=true
RCC.APB2Freq_Value=20000000
ProjectManager.BackupPrevious=false
MxCube.Version=6.0.1
VP_SYS_VS_tim1.Signal=SYS_VS_tim1
SPI1.Mode=SPI_MODE_MASTER
PA14.Mode=Serial_Wire
VP_SYS_VS_tim1.Mode=TIM1
PB1.GPIO_Label=BOSCH_BM_1_CS
File.Version=6
NVIC.NonMaskableInt_IRQn=true\:0\:0\:false\:false\:true\:false\:false\:false
NVIC.PendSV_IRQn=true\:0\:0\:false\:false\:false\:false\:false\:false
VP_FREERTOS_VS_CMSIS_V1.Mode=CMSIS_V1
PA13.Mode=Serial_Wire
ProjectManager.FreePins=false
RCC.IPParameters=ADCFreqValue,AHBFreq_Value,APB1CLKDivider,APB1Freq_Value,APB1TimFreq_Value,APB2Freq_Value,APB2TimFreq_Value,FCLKCortexFreq_Value,FamilyName,HCLKFreq_Value,MCOFreq_Value,PLLCLKFreq_Value,PLLMCOFreq_Value,PLLMUL,SYSCLKFreq_VALUE,SYSCLKSource,TimSysFreq_Value,USBFreq_Value
ProjectManager.AskForMigrate=true
Mcu.Name=STM32F103C(8-B)Tx
ProjectManager.HalAssertFull=false
PB0.Locked=true
NVIC.SavedPendsvIrqHandlerGenerated=true
ProjectManager.ProjectName=greenhouse_module
ProjectManager.UnderRoot=false
RCC.PLLMCOFreq_Value=10000000
ProjectManager.CoupleFile=false
RCC.SYSCLKFreq_VALUE=20000000
Mcu.Package=LQFP48
PB1.Signal=GPIO_Output
PA6.Signal=SPI1_MISO
RCC.TimSysFreq_Value=20000000
PA7.GPIO_Label=SPI_MOSI
NVIC.TimeBase=TIM1_UP_IRQn
PA5.GPIO_Label=SPI_SCK
NVIC.ForceEnableDMAVector=true
KeepUserPlacement=false
NVIC.MemoryManagement_IRQn=true\:0\:0\:false\:false\:true\:false\:false\:false
USART1.VirtualMode=VM_ASYNC
ProjectManager.CompilerOptimize=6
ProjectManager.ToolChainLocation=
NVIC.TimeBaseIP=TIM1
PA10.Signal=USART1_RX
PA14.Signal=SYS_JTCK-SWCLK
FREERTOS.FootprintOK=true
ProjectManager.HeapSize=0x200
NVIC.HardFault_IRQn=true\:0\:0\:false\:false\:true\:false\:false\:false
PA5.GPIOParameters=GPIO_Label
ProjectManager.ComputerToolchain=false
NVIC.PriorityGroup=NVIC_PRIORITYGROUP_4
Mcu.Pin11=VP_FREERTOS_VS_CMSIS_V1
Mcu.Pin12=VP_SYS_VS_tim1
Mcu.Pin10=PA14
RCC.APB1TimFreq_Value=20000000
NVIC.BusFault_IRQn=true\:0\:0\:false\:false\:true\:false\:false\:false
PB10.GPIOParameters=GPIO_Label
RCC.APB1Freq_Value=10000000
PB0.Signal=GPIO_Output
PA7.GPIOParameters=GPIO_Label
ProjectManager.CustomerFirmwarePackage=
ProjectManager.DeviceId=STM32F103C8Tx
ProjectManager.LibraryCopy=0
PB1.GPIOParameters=GPIO_Label
PA7.Signal=SPI1_MOSI
PA5.Mode=Full_Duplex_Master
